
Microsoft Visual Studio Solution File, Format Version 12.00
# Visual Studio 14
VisualStudioVersion = 14.0.25420.1
MinimumVisualStudioVersion = 10.0.40219.1
Project("{FAE04EC0-301F-11D3-BF4B-00C04F79EFBC}") = "FarManager2", "FarManager2\FarManager2.csproj", "{CBE98D91-B4F5-4C2C-AA96-BBFFAF9B5BFF}"
EndProject
Global
	GlobalSection(SolutionConfigurationPlatforms) = preSolution
		Debug|Any CPU = Debug|Any CPU
		Release|Any CPU = Release|Any CPU
	EndGlobalSection
	GlobalSection(ProjectConfigurationPlatforms) = postSolution
		{CBE98D91-B4F5-4C2C-AA96-BBFFAF9B5BFF}.Debug|Any CPU.ActiveCfg = Debug|Any CPU
		{CBE98D91-B4F5-4C2C-AA96-BBFFAF9B5BFF}.Debug|Any CPU.Build.0 = Debug|Any CPU
		{CBE98D91-B4F5-4C2C-AA96-BBFFAF9B5BFF}.Release|Any CPU.ActiveCfg = Release|Any CPU
		{CBE98D91-B4F5-4C2C-AA96-BBFFAF9B5BFF}.Release|Any CPU.Build.0 = Release|Any CPU
	EndGlobalSection
	GlobalSection(SolutionProperties) = preSolution
		HideSolutionNode = FALSE
	EndGlobalSection
EndGlobal
